
Microsoft Visual Studio Solution File, Format Version 12.00
# Visual Studio Version 18
VisualStudioVersion = 18.7.11919.86
MinimumVisualStudioVersion = 10.0.40219.1
Project("{FAE04EC0-301F-11D3-BF4B-00C04F79EFBC}") = "MathInsight.WebAPI", "src\MathInsight.WebAPI\MathInsight.WebAPI.csproj", "{A1111111-1111-1111-1111-111111111111}"
EndProject
Project("{FAE04EC0-301F-11D3-BF4B-00C04F79EFBC}") = "MathInsight.Shared", "src\MathInsight.Shared\MathInsight.Shared.csproj", "{B2222222-2222-2222-2222-222222222222}"
EndProject
Project("{FAE04EC0-301F-11D3-BF4B-00C04F79EFBC}") = "MathInsight.Modules.QuestionBank", "src\MathInsight.Modules.QuestionBank\MathInsight.Modules.QuestionBank.csproj", "{D4444444-4444-4444-4444-444444444444}"
EndProject
Project("{FAE04EC0-301F-11D3-BF4B-00C04F79EFBC}") = "MathInsight.Modules.Testing", "src\MathInsight.Modules.Testing\MathInsight.Modules.Testing.csproj", "{E5555555-5555-5555-5555-555555555555}"
EndProject
Project("{FAE04EC0-301F-11D3-BF4B-00C04F79EFBC}") = "MathInsight.Modules.Recommender", "src\MathInsight.Modules.Recommender\MathInsight.Modules.Recommender.csproj", "{77777777-7777-7777-7777-777777777777}"
EndProject
Project("{2150E333-8FDC-42A3-9474-1A3956D46DE8}") = "src", "src", "{827E0CD3-B72D-47B6-A68D-7590B98EB39B}"
EndProject
Project("{FAE04EC0-301F-11D3-BF4B-00C04F79EFBC}") = "MathInsight.Modules.Gamification", "src\MathInsight.Modules.Gamification\MathInsight.Modules.Gamification.csproj", "{A64C969B-C521-4E90-9AEC-00B19D1A8394}"
EndProject
Project("{FAE04EC0-301F-11D3-BF4B-00C04F79EFBC}") = "MathInsight.Modules.Grading_Analytics", "src\MathInsight.Modules.Grading_Analytics\MathInsight.Modules.Grading_Analytics.csproj", "{64232C19-76AA-40C4-BFC6-883AF6A0F1C0}"
EndProject
Project("{FAE04EC0-301F-11D3-BF4B-00C04F79EFBC}") = "MathInsight.Modules.Identity_Access", "src\MathInsight.Modules.Identity_Access\MathInsight.Modules.Identity_Access.csproj", "{E47F642B-6C0A-4B70-A48B-11E0B8F9DD4A}"
EndProject
Project("{FAE04EC0-301F-11D3-BF4B-00C04F79EFBC}") = "MathInsight.Modules.Learning_Lecture", "src\MathInsight.Modules.Learning_Lecture\MathInsight.Modules.Learning_Lecture.csproj", "{79DB2AD5-97A8-473D-8CEB-D2C824ADFB3C}"
EndProject
Project("{FAE04EC0-301F-11D3-BF4B-00C04F79EFBC}") = "MathInsight.Modules.Notification_Report", "src\MathInsight.Modules.Notification_Report\MathInsight.Modules.Notification_Report.csproj", "{2111FB6C-5741-4532-A55E-9C633BF9D6C0}"
EndProject
Project("{FAE04EC0-301F-11D3-BF4B-00C04F79EFBC}") = "MathInsight.Modules.TestGen", "src\MathInsight.Modules.TestGen\MathInsight.Modules.TestGen.csproj", "{7D297E22-BAD2-48B9-BDF5-09D6F729D268}"
EndProject
Project("{2150E333-8FDC-42A3-9474-1A3956D46DE8}") = "tests", "tests", "{0AB3BF05-4346-4AA6-1389-037BE0695223}"
EndProject
Project("{FAE04EC0-301F-11D3-BF4B-00C04F79EFBC}") = "MathInsight.Modules.Recommender.Tests", "tests\MathInsight.Modules.Recommender.Tests\MathInsight.Modules.Recommender.Tests.csproj", "{29016381-0DCD-451F-8CD7-0DF73158C484}"
EndProject
Global
	GlobalSection(SolutionConfigurationPlatforms) = preSolution
		Debug|Any CPU = Debug|Any CPU
		Debug|x64 = Debug|x64
		Debug|x86 = Debug|x86
		Release|Any CPU = Release|Any CPU
		Release|x64 = Release|x64
		Release|x86 = Release|x86
	EndGlobalSection
	GlobalSection(ProjectConfigurationPlatforms) = postSolution
		{A1111111-1111-1111-1111-111111111111}.Debug|Any CPU.ActiveCfg = Debug|Any CPU
		{A1111111-1111-1111-1111-111111111111}.Debug|Any CPU.Build.0 = Debug|Any CPU
		{A1111111-1111-1111-1111-111111111111}.Debug|x64.ActiveCfg = Debug|Any CPU
		{A1111111-1111-1111-1111-111111111111}.Debug|x64.Build.0 = Debug|Any CPU
		{A1111111-1111-1111-1111-111111111111}.Debug|x86.ActiveCfg = Debug|Any CPU
		{A1111111-1111-1111-1111-111111111111}.Debug|x86.Build.0 = Debug|Any CPU
		{A1111111-1111-1111-1111-111111111111}.Release|Any CPU.ActiveCfg = Release|Any CPU
		{A1111111-1111-1111-1111-111111111111}.Release|Any CPU.Build.0 = Release|Any CPU
		{A1111111-1111-1111-1111-111111111111}.Release|x64.ActiveCfg = Release|Any CPU
		{A1111111-1111-1111-1111-111111111111}.Release|x64.Build.0 = Release|Any CPU
		{A1111111-1111-1111-1111-111111111111}.Release|x86.ActiveCfg = Release|Any CPU
		{A1111111-1111-1111-1111-111111111111}.Release|x86.Build.0 = Release|Any CPU
		{B2222222-2222-2222-2222-222222222222}.Debug|Any CPU.ActiveCfg = Debug|Any CPU
		{B2222222-2222-2222-2222-222222222222}.Debug|Any CPU.Build.0 = Debug|Any CPU
		{B2222222-2222-2222-2222-222222222222}.Debug|x64.ActiveCfg = Debug|Any CPU
		{B2222222-2222-2222-2222-222222222222}.Debug|x64.Build.0 = Debug|Any CPU
		{B2222222-2222-2222-2222-222222222222}.Debug|x86.ActiveCfg = Debug|Any CPU
		{B2222222-2222-2222-2222-222222222222}.Debug|x86.Build.0 = Debug|Any CPU
		{B2222222-2222-2222-2222-222222222222}.Release|Any CPU.ActiveCfg = Release|Any CPU
		{B2222222-2222-2222-2222-222222222222}.Release|Any CPU.Build.0 = Release|Any CPU
		{B2222222-2222-2222-2222-222222222222}.Release|x64.ActiveCfg = Release|Any CPU
		{B2222222-2222-2222-2222-222222222222}.Release|x64.Build.0 = Release|Any CPU
		{B2222222-2222-2222-2222-222222222222}.Release|x86.ActiveCfg = Release|Any CPU
		{B2222222-2222-2222-2222-222222222222}.Release|x86.Build.0 = Release|Any CPU
		{D4444444-4444-4444-4444-444444444444}.Debug|Any CPU.ActiveCfg = Debug|Any CPU
		{D4444444-4444-4444-4444-444444444444}.Debug|Any CPU.Build.0 = Debug|Any CPU
		{D4444444-4444-4444-4444-444444444444}.Debug|x64.ActiveCfg = Debug|Any CPU
		{D4444444-4444-4444-4444-444444444444}.Debug|x64.Build.0 = Debug|Any CPU
		{D4444444-4444-4444-4444-444444444444}.Debug|x86.ActiveCfg = Debug|Any CPU
		{D4444444-4444-4444-4444-444444444444}.Debug|x86.Build.0 = Debug|Any CPU
		{D4444444-4444-4444-4444-444444444444}.Release|Any CPU.ActiveCfg = Release|Any CPU
		{D4444444-4444-4444-4444-444444444444}.Release|Any CPU.Build.0 = Release|Any CPU
		{D4444444-4444-4444-4444-444444444444}.Release|x64.ActiveCfg = Release|Any CPU
		{D4444444-4444-4444-4444-444444444444}.Release|x64.Build.0 = Release|Any CPU
		{D4444444-4444-4444-4444-444444444444}.Release|x86.ActiveCfg = Release|Any CPU
		{D4444444-4444-4444-4444-444444444444}.Release|x86.Build.0 = Release|Any CPU
		{E5555555-5555-5555-5555-555555555555}.Debug|Any CPU.ActiveCfg = Debug|Any CPU
		{E5555555-5555-5555-5555-555555555555}.Debug|Any CPU.Build.0 = Debug|Any CPU
		{E5555555-5555-5555-5555-555555555555}.Debug|x64.ActiveCfg = Debug|Any CPU
		{E5555555-5555-5555-5555-555555555555}.Debug|x64.Build.0 = Debug|Any CPU
		{E5555555-5555-5555-5555-555555555555}.Debug|x86.ActiveCfg = Debug|Any CPU
		{E5555555-5555-5555-5555-555555555555}.Debug|x86.Build.0 = Debug|Any CPU
		{E5555555-5555-5555-5555-555555555555}.Release|Any CPU.ActiveCfg = Release|Any CPU
		{E5555555-5555-5555-5555-555555555555}.Release|Any CPU.Build.0 = Release|Any CPU
		{E5555555-5555-5555-5555-555555555555}.Release|x64.ActiveCfg = Release|Any CPU
		{E5555555-5555-5555-5555-555555555555}.Release|x64.Build.0 = Release|Any CPU
		{E5555555-5555-5555-5555-555555555555}.Release|x86.ActiveCfg = Release|Any CPU
		{E5555555-5555-5555-5555-555555555555}.Release|x86.Build.0 = Release|Any CPU
		{77777777-7777-7777-7777-777777777777}.Debug|Any CPU.ActiveCfg = Debug|Any CPU
		{77777777-7777-7777-7777-777777777777}.Debug|Any CPU.Build.0 = Debug|Any CPU
		{77777777-7777-7777-7777-777777777777}.Debug|x64.ActiveCfg = Debug|Any CPU
		{77777777-7777-7777-7777-777777777777}.Debug|x64.Build.0 = Debug|Any CPU
		{77777777-7777-7777-7777-777777777777}.Debug|x86.ActiveCfg = Debug|Any CPU
		{77777777-7777-7777-7777-777777777777}.Debug|x86.Build.0 = Debug|Any CPU
		{77777777-7777-7777-7777-777777777777}.Release|Any CPU.ActiveCfg = Release|Any CPU
		{77777777-7777-7777-7777-777777777777}.Release|Any CPU.Build.0 = Release|Any CPU
		{77777777-7777-7777-7777-777777777777}.Release|x64.ActiveCfg = Release|Any CPU
		{77777777-7777-7777-7777-777777777777}.Release|x64.Build.0 = Release|Any CPU
		{77777777-7777-7777-7777-777777777777}.Release|x86.ActiveCfg = Release|Any CPU
		{77777777-7777-7777-7777-777777777777}.Release|x86.Build.0 = Release|Any CPU
		{A64C969B-C521-4E90-9AEC-00B19D1A8394}.Debug|Any CPU.ActiveCfg = Debug|Any CPU
		{A64C969B-C521-4E90-9AEC-00B19D1A8394}.Debug|Any CPU.Build.0 = Debug|Any CPU
		{A64C969B-C521-4E90-9AEC-00B19D1A8394}.Debug|x64.ActiveCfg = Debug|Any CPU
		{A64C969B-C521-4E90-9AEC-00B19D1A8394}.Debug|x64.Build.0 = Debug|Any CPU
		{A64C969B-C521-4E90-9AEC-00B19D1A8394}.Debug|x86.ActiveCfg = Debug|Any CPU
		{A64C969B-C521-4E90-9AEC-00B19D1A8394}.Debug|x86.Build.0 = Debug|Any CPU
		{A64C969B-C521-4E90-9AEC-00B19D1A8394}.Release|Any CPU.ActiveCfg = Release|Any CPU
		{A64C969B-C521-4E90-9AEC-00B19D1A8394}.Release|Any CPU.Build.0 = Release|Any CPU
		{A64C969B-C521-4E90-9AEC-00B19D1A8394}.Release|x64.ActiveCfg = Release|Any CPU
		{A64C969B-C521-4E90-9AEC-00B19D1A8394}.Release|x64.Build.0 = Release|Any CPU
		{A64C969B-C521-4E90-9AEC-00B19D1A8394}.Release|x86.ActiveCfg = Release|Any CPU
		{A64C969B-C521-4E90-9AEC-00B19D1A8394}.Release|x86.Build.0 = Release|Any CPU
		{64232C19-76AA-40C4-BFC6-883AF6A0F1C0}.Debug|Any CPU.ActiveCfg = Debug|Any CPU
		{64232C19-76AA-40C4-BFC6-883AF6A0F1C0}.Debug|Any CPU.Build.0 = Debug|Any CPU
		{64232C19-76AA-40C4-BFC6-883AF6A0F1C0}.Debug|x64.ActiveCfg = Debug|Any CPU
		{64232C19-76AA-40C4-BFC6-883AF6A0F1C0}.Debug|x64.Build.0 = Debug|Any CPU
		{64232C19-76AA-40C4-BFC6-883AF6A0F1C0}.Debug|x86.ActiveCfg = Debug|Any CPU
		{64232C19-76AA-40C4-BFC6-883AF6A0F1C0}.Debug|x86.Build.0 = Debug|Any CPU
		{64232C19-76AA-40C4-BFC6-883AF6A0F1C0}.Release|Any CPU.ActiveCfg = Release|Any CPU
		{64232C19-76AA-40C4-BFC6-883AF6A0F1C0}.Release|Any CPU.Build.0 = Release|Any CPU
		{64232C19-76AA-40C4-BFC6-883AF6A0F1C0}.Release|x64.ActiveCfg = Release|Any CPU
		{64232C19-76AA-40C4-BFC6-883AF6A0F1C0}.Release|x64.Build.0 = Release|Any CPU
		{64232C19-76AA-40C4-BFC6-883AF6A0F1C0}.Release|x86.ActiveCfg = Release|Any CPU
		{64232C19-76AA-40C4-BFC6-883AF6A0F1C0}.Release|x86.Build.0 = Release|Any CPU
		{E47F642B-6C0A-4B70-A48B-11E0B8F9DD4A}.Debug|Any CPU.ActiveCfg = Debug|Any CPU
		{E47F642B-6C0A-4B70-A48B-11E0B8F9DD4A}.Debug|Any CPU.Build.0 = Debug|Any CPU
		{E47F642B-6C0A-4B70-A48B-11E0B8F9DD4A}.Debug|x64.ActiveCfg = Debug|Any CPU
		{E47F642B-6C0A-4B70-A48B-11E0B8F9DD4A}.Debug|x64.Build.0 = Debug|Any CPU
		{E47F642B-6C0A-4B70-A48B-11E0B8F9DD4A}.Debug|x86.ActiveCfg = Debug|Any CPU
		{E47F642B-6C0A-4B70-A48B-11E0B8F9DD4A}.Debug|x86.Build.0 = Debug|Any CPU
		{E47F642B-6C0A-4B70-A48B-11E0B8F9DD4A}.Release|Any CPU.ActiveCfg = Release|Any CPU
		{E47F642B-6C0A-4B70-A48B-11E0B8F9DD4A}.Release|Any CPU.Build.0 = Release|Any CPU
		{E47F642B-6C0A-4B70-A48B-11E0B8F9DD4A}.Release|x64.ActiveCfg = Release|Any CPU
		{E47F642B-6C0A-4B70-A48B-11E0B8F9DD4A}.Release|x64.Build.0 = Release|Any CPU
		{E47F642B-6C0A-4B70-A48B-11E0B8F9DD4A}.Release|x86.ActiveCfg = Release|Any CPU
		{E47F642B-6C0A-4B70-A48B-11E0B8F9DD4A}.Release|x86.Build.0 = Release|Any CPU
		{79DB2AD5-97A8-473D-8CEB-D2C824ADFB3C}.Debug|Any CPU.ActiveCfg = Debug|Any CPU
		{79DB2AD5-97A8-473D-8CEB-D2C824ADFB3C}.Debug|Any CPU.Build.0 = Debug|Any CPU
		{79DB2AD5-97A8-473D-8CEB-D2C824ADFB3C}.Debug|x64.ActiveCfg = Debug|Any CPU
		{79DB2AD5-97A8-473D-8CEB-D2C824ADFB3C}.Debug|x64.Build.0 = Debug|Any CPU
		{79DB2AD5-97A8-473D-8CEB-D2C824ADFB3C}.Debug|x86.ActiveCfg = Debug|Any CPU
		{79DB2AD5-97A8-473D-8CEB-D2C824ADFB3C}.Debug|x86.Build.0 = Debug|Any CPU
		{79DB2AD5-97A8-473D-8CEB-D2C824ADFB3C}.Release|Any CPU.ActiveCfg = Release|Any CPU
		{79DB2AD5-97A8-473D-8CEB-D2C824ADFB3C}.Release|Any CPU.Build.0 = Release|Any CPU
		{79DB2AD5-97A8-473D-8CEB-D2C824ADFB3C}.Release|x64.ActiveCfg = Release|Any CPU
		{79DB2AD5-97A8-473D-8CEB-D2C824ADFB3C}.Release|x64.Build.0 = Release|Any CPU
		{79DB2AD5-97A8-473D-8CEB-D2C824ADFB3C}.Release|x86.ActiveCfg = Release|Any CPU
		{79DB2AD5-97A8-473D-8CEB-D2C824ADFB3C}.Release|x86.Build.0 = Release|Any CPU
		{2111FB6C-5741-4532-A55E-9C633BF9D6C0}.Debug|Any CPU.ActiveCfg = Debug|Any CPU
		{2111FB6C-5741-4532-A55E-9C633BF9D6C0}.Debug|Any CPU.Build.0 = Debug|Any CPU
		{2111FB6C-5741-4532-A55E-9C633BF9D6C0}.Debug|x64.ActiveCfg = Debug|Any CPU
		{2111FB6C-5741-4532-A55E-9C633BF9D6C0}.Debug|x64.Build.0 = Debug|Any CPU
		{2111FB6C-5741-4532-A55E-9C633BF9D6C0}.Debug|x86.ActiveCfg = Debug|Any CPU
		{2111FB6C-5741-4532-A55E-9C633BF9D6C0}.Debug|x86.Build.0 = Debug|Any CPU
		{2111FB6C-5741-4532-A55E-9C633BF9D6C0}.Release|Any CPU.ActiveCfg = Release|Any CPU
		{2111FB6C-5741-4532-A55E-9C633BF9D6C0}.Release|Any CPU.Build.0 = Release|Any CPU
		{2111FB6C-5741-4532-A55E-9C633BF9D6C0}.Release|x64.ActiveCfg = Release|Any CPU
		{2111FB6C-5741-4532-A55E-9C633BF9D6C0}.Release|x64.Build.0 = Release|Any CPU
		{2111FB6C-5741-4532-A55E-9C633BF9D6C0}.Release|x86.ActiveCfg = Release|Any CPU
		{2111FB6C-5741-4532-A55E-9C633BF9D6C0}.Release|x86.Build.0 = Release|Any CPU
		{7D297E22-BAD2-48B9-BDF5-09D6F729D268}.Debug|Any CPU.ActiveCfg = Debug|Any CPU
		{7D297E22-BAD2-48B9-BDF5-09D6F729D268}.Debug|Any CPU.Build.0 = Debug|Any CPU
		{7D297E22-BAD2-48B9-BDF5-09D6F729D268}.Debug|x64.ActiveCfg = Debug|Any CPU
		{7D297E22-BAD2-48B9-BDF5-09D6F729D268}.Debug|x64.Build.0 = Debug|Any CPU
		{7D297E22-BAD2-48B9-BDF5-09D6F729D268}.Debug|x86.ActiveCfg = Debug|Any CPU
		{7D297E22-BAD2-48B9-BDF5-09D6F729D268}.Debug|x86.Build.0 = Debug|Any CPU
		{7D297E22-BAD2-48B9-BDF5-09D6F729D268}.Release|Any CPU.ActiveCfg = Release|Any CPU
		{7D297E22-BAD2-48B9-BDF5-09D6F729D268}.Release|Any CPU.Build.0 = Release|Any CPU
		{7D297E22-BAD2-48B9-BDF5-09D6F729D268}.Release|x64.ActiveCfg = Release|Any CPU
		{7D297E22-BAD2-48B9-BDF5-09D6F729D268}.Release|x64.Build.0 = Release|Any CPU
		{7D297E22-BAD2-48B9-BDF5-09D6F729D268}.Release|x86.ActiveCfg = Release|Any CPU
		{7D297E22-BAD2-48B9-BDF5-09D6F729D268}.Release|x86.Build.0 = Release|Any CPU
		{29016381-0DCD-451F-8CD7-0DF73158C484}.Debug|Any CPU.ActiveCfg = Debug|Any CPU
		{29016381-0DCD-451F-8CD7-0DF73158C484}.Debug|Any CPU.Build.0 = Debug|Any CPU
		{29016381-0DCD-451F-8CD7-0DF73158C484}.Debug|x64.ActiveCfg = Debug|Any CPU
		{29016381-0DCD-451F-8CD7-0DF73158C484}.Debug|x64.Build.0 = Debug|Any CPU
		{29016381-0DCD-451F-8CD7-0DF73158C484}.Debug|x86.ActiveCfg = Debug|Any CPU
		{29016381-0DCD-451F-8CD7-0DF73158C484}.Debug|x86.Build.0 = Debug|Any CPU
		{29016381-0DCD-451F-8CD7-0DF73158C484}.Release|Any CPU.ActiveCfg = Release|Any CPU
		{29016381-0DCD-451F-8CD7-0DF73158C484}.Release|Any CPU.Build.0 = Release|Any CPU
		{29016381-0DCD-451F-8CD7-0DF73158C484}.Release|x64.ActiveCfg = Release|Any CPU
		{29016381-0DCD-451F-8CD7-0DF73158C484}.Release|x64.Build.0 = Release|Any CPU
		{29016381-0DCD-451F-8CD7-0DF73158C484}.Release|x86.ActiveCfg = Release|Any CPU
		{29016381-0DCD-451F-8CD7-0DF73158C484}.Release|x86.Build.0 = Release|Any CPU
	EndGlobalSection
	GlobalSection(SolutionProperties) = preSolution
		HideSolutionNode = FALSE
	EndGlobalSection
	GlobalSection(NestedProjects) = preSolution
		{A1111111-1111-1111-1111-111111111111} = {827E0CD3-B72D-47B6-A68D-7590B98EB39B}
		{B2222222-2222-2222-2222-222222222222} = {827E0CD3-B72D-47B6-A68D-7590B98EB39B}
		{D4444444-4444-4444-4444-444444444444} = {827E0CD3-B72D-47B6-A68D-7590B98EB39B}
		{E5555555-5555-5555-5555-555555555555} = {827E0CD3-B72D-47B6-A68D-7590B98EB39B}
		{77777777-7777-7777-7777-777777777777} = {827E0CD3-B72D-47B6-A68D-7590B98EB39B}
		{A64C969B-C521-4E90-9AEC-00B19D1A8394} = {827E0CD3-B72D-47B6-A68D-7590B98EB39B}
		{64232C19-76AA-40C4-BFC6-883AF6A0F1C0} = {827E0CD3-B72D-47B6-A68D-7590B98EB39B}
		{E47F642B-6C0A-4B70-A48B-11E0B8F9DD4A} = {827E0CD3-B72D-47B6-A68D-7590B98EB39B}
		{79DB2AD5-97A8-473D-8CEB-D2C824ADFB3C} = {827E0CD3-B72D-47B6-A68D-7590B98EB39B}
		{2111FB6C-5741-4532-A55E-9C633BF9D6C0} = {827E0CD3-B72D-47B6-A68D-7590B98EB39B}
		{7D297E22-BAD2-48B9-BDF5-09D6F729D268} = {827E0CD3-B72D-47B6-A68D-7590B98EB39B}
		{29016381-0DCD-451F-8CD7-0DF73158C484} = {0AB3BF05-4346-4AA6-1389-037BE0695223}
	EndGlobalSection
	GlobalSection(ExtensibilityGlobals) = postSolution
		SolutionGuid = {0358B299-2C11-4409-8F08-1300A2DD5F86}
	EndGlobalSection
EndGlobal
